
Microsoft Visual Studio Solution File, Format Version 12.00
# Visual Studio 15
VisualStudioVersion = 15.0.28010.2050
MinimumVisualStudioVersion = 10.0.40219.1
Project("{FAE04EC0-301F-11D3-BF4B-00C04F79EFBC}") = "EchoChatBotAzure", "EchoChatBotAzure\EchoChatBotAzure.csproj", "{932DB934-F949-4C47-8F37-ADB2054AE8AC}"
EndProject
Global
	GlobalSection(SolutionConfigurationPlatforms) = preSolution
		Debug|Any CPU = Debug|Any CPU
		Release|Any CPU = Release|Any CPU
	EndGlobalSection
	GlobalSection(ProjectConfigurationPlatforms) = postSolution
		{932DB934-F949-4C47-8F37-ADB2054AE8AC}.Debug|Any CPU.ActiveCfg = Debug|Any CPU
		{932DB934-F949-4C47-8F37-ADB2054AE8AC}.Debug|Any CPU.Build.0 = Debug|Any CPU
		{932DB934-F949-4C47-8F37-ADB2054AE8AC}.Release|Any CPU.ActiveCfg = Release|Any CPU
		{932DB934-F949-4C47-8F37-ADB2054AE8AC}.Release|Any CPU.Build.0 = Release|Any CPU
	EndGlobalSection
	GlobalSection(SolutionProperties) = preSolution
		HideSolutionNode = FALSE
	EndGlobalSection
	GlobalSection(ExtensibilityGlobals) = postSolution
		SolutionGuid = {542594C9-D33E-47A0-9F2B-6642C456FDE7}
	EndGlobalSection
EndGlobal
